// !$*UTF8*$!
{
	archiveVersion = 1;
	classes = {
	};
	objectVersion = 56;
	objects = {

/* Begin PBXBuildFile section */
		DE398D5C2A7A01FD00C035F2 /* AppDelegate.swift in Sources */ = {isa = PBXBuildFile; fileRef = DE398D5B2A7A01FD00C035F2 /* AppDelegate.swift */; };
		DE398D5E2A7A01FD00C035F2 /* SceneDelegate.swift in Sources */ = {isa = PBXBuildFile; fileRef = DE398D5D2A7A01FD00C035F2 /* SceneDelegate.swift */; };
		DE398D602A7A01FD00C035F2 /* ViewController.swift in Sources */ = {isa = PBXBuildFile; fileRef = DE398D5F2A7A01FD00C035F2 /* ViewController.swift */; };
		DE398D632A7A01FD00C035F2 /* Main.storyboard in Resources */ = {isa = PBXBuildFile; fileRef = DE398D612A7A01FD00C035F2 /* Main.storyboard */; };
		DE398D652A7A01FD00C035F2 /* Assets.xcassets in Resources */ = {isa = PBXBuildFile; fileRef = DE398D642A7A01FD00C035F2 /* Assets.xcassets */; };
		DE398D682A7A01FD00C035F2 /* LaunchScreen.storyboard in Resources */ = {isa = PBXBuildFile; fileRef = DE398D662A7A01FD00C035F2 /* LaunchScreen.storyboard */; };
		DE398D732A7A664C00C035F2 /* TodoListViewController.swift in Sources */ = {isa = PBXBuildFile; fileRef = DE398D722A7A664C00C035F2 /* TodoListViewController.swift */; };
		DE398D752A7A666900C035F2 /* TodoCompleteViewController.swift in Sources */ = {isa = PBXBuildFile; fileRef = DE398D742A7A666900C035F2 /* TodoCompleteViewController.swift */; };
		DE398D772A7A6D7500C035F2 /* TodoData.swift in Sources */ = {isa = PBXBuildFile; fileRef = DE398D762A7A6D7500C035F2 /* TodoData.swift */; };
		DE514AFA2A80D27B0088123F /* EntryViewController.swift in Sources */ = {isa = PBXBuildFile; fileRef = DE514AF92A80D27B0088123F /* EntryViewController.swift */; };
		DE514AFC2A80D2A00088123F /* TaskController.swift in Sources */ = {isa = PBXBuildFile; fileRef = DE514AFB2A80D2A00088123F /* TaskController.swift */; };
/* End PBXBuildFile section */

/* Begin PBXFileReference section */
		DE398D582A7A01FD00C035F2 /* TodoList.app */ = {isa = PBXFileReference; explicitFileType = wrapper.application; includeInIndex = 0; path = TodoList.app; sourceTree = BUILT_PRODUCTS_DIR; };
		DE398D5B2A7A01FD00C035F2 /* AppDelegate.swift */ = {isa = PBXFileReference; lastKnownFileType = sourcecode.swift; path = AppDelegate.swift; sourceTree = "<group>"; };
		DE398D5D2A7A01FD00C035F2 /* SceneDelegate.swift */ = {isa = PBXFileReference; lastKnownFileType = sourcecode.swift; path = SceneDelegate.swift; sourceTree = "<group>"; };
		DE398D5F2A7A01FD00C035F2 /* ViewController.swift */ = {isa = PBXFileReference; lastKnownFileType = sourcecode.swift; path = ViewController.swift; sourceTree = "<group>"; };
		DE398D622A7A01FD00C035F2 /* Base */ = {isa = PBXFileReference; lastKnownFileType = file.storyboard; name = Base; path = Base.lproj/Main.storyboard; sourceTree = "<group>"; };
		DE398D642A7A01FD00C035F2 /* Assets.xcassets */ = {isa = PBXFileReference; lastKnownFileType = folder.assetcatalog; path = Assets.xcassets; sourceTree = "<group>"; };
		DE398D672A7A01FD00C035F2 /* Base */ = {isa = PBXFileReference; lastKnownFileType = file.storyboard; name = Base; path = Base.lproj/LaunchScreen.storyboard; sourceTree = "<group>"; };
		DE398D692A7A01FD00C035F2 /* Info.plist */ = {isa = PBXFileReference; lastKnownFileType = text.plist.xml; path = Info.plist; sourceTree = "<group>"; };
		DE398D722A7A664C00C035F2 /* TodoListViewController.swift */ = {isa = PBXFileReference; lastKnownFileType = sourcecode.swift; path = TodoListViewController.swift; sourceTree = "<group>"; };
		DE398D742A7A666900C035F2 /* TodoCompleteViewController.swift */ = {isa = PBXFileReference; lastKnownFileType = sourcecode.swift; path = TodoCompleteViewController.swift; sourceTree = "<group>"; };
		DE398D762A7A6D7500C035F2 /* TodoData.swift */ = {isa = PBXFileReference; lastKnownFileType = sourcecode.swift; path = TodoData.swift; sourceTree = "<group>"; };
		DE514AF92A80D27B0088123F /* EntryViewController.swift */ = {isa = PBXFileReference; lastKnownFileType = sourcecode.swift; path = EntryViewController.swift; sourceTree = "<group>"; };
		DE514AFB2A80D2A00088123F /* TaskController.swift */ = {isa = PBXFileReference; lastKnownFileType = sourcecode.swift; path = TaskController.swift; sourceTree = "<group>"; };
/* End PBXFileReference section */

/* Begin PBXFrameworksBuildPhase section */
		DE398D552A7A01FD00C035F2 /* Frameworks */ = {
			isa = PBXFrameworksBuildPhase;
			buildActionMask = 2147483647;
			files = (
			);
			runOnlyForDeploymentPostprocessing = 0;
		};
/* End PBXFrameworksBuildPhase section */

/* Begin PBXGroup section */
		DE398D4F2A7A01FD00C035F2 = {
			isa = PBXGroup;
			children = (
				DE398D5A2A7A01FD00C035F2 /* TodoList */,
				DE398D592A7A01FD00C035F2 /* Products */,
			);
			sourceTree = "<group>";
		};
		DE398D592A7A01FD00C035F2 /* Products */ = {
			isa = PBXGroup;
			children = (
				DE398D582A7A01FD00C035F2 /* TodoList.app */,
			);
			name = Products;
			sourceTree = "<group>";
		};
		DE398D5A2A7A01FD00C035F2 /* TodoList */ = {
			isa = PBXGroup;
			children = (
				DE398D712A7A656500C035F2 /* Controller */,
				DE398D702A7A655D00C035F2 /* View */,
				DE398D6F2A7A654600C035F2 /* Model */,
				DE398D5B2A7A01FD00C035F2 /* AppDelegate.swift */,
				DE398D5D2A7A01FD00C035F2 /* SceneDelegate.swift */,
				DE398D642A7A01FD00C035F2 /* Assets.xcassets */,
				DE398D662A7A01FD00C035F2 /* LaunchScreen.storyboard */,
				DE398D692A7A01FD00C035F2 /* Info.plist */,
			);
			path = TodoList;
			sourceTree = "<group>";
		};
		DE398D6F2A7A654600C035F2 /* Model */ = {
			isa = PBXGroup;
			children = (
				DE398D762A7A6D7500C035F2 /* TodoData.swift */,
			);
			path = Model;
			sourceTree = "<group>";
		};
		DE398D702A7A655D00C035F2 /* View */ = {
			isa = PBXGroup;
			children = (
				DE398D612A7A01FD00C035F2 /* Main.storyboard */,
			);
			path = View;
			sourceTree = "<group>";
		};
		DE398D712A7A656500C035F2 /* Controller */ = {
			isa = PBXGroup;
			children = (
				DE398D5F2A7A01FD00C035F2 /* ViewController.swift */,
				DE398D722A7A664C00C035F2 /* TodoListViewController.swift */,
				DE398D742A7A666900C035F2 /* TodoCompleteViewController.swift */,
				DE514AF92A80D27B0088123F /* EntryViewController.swift */,
				DE514AFB2A80D2A00088123F /* TaskController.swift */,
			);
			path = Controller;
			sourceTree = "<group>";
		};
/* End PBXGroup section */

/* Begin PBXNativeTarget section */
		DE398D572A7A01FD00C035F2 /* TodoList */ = {
			isa = PBXNativeTarget;
			buildConfigurationList = DE398D6C2A7A01FD00C035F2 /* Build configuration list for PBXNativeTarget "TodoList" */;
			buildPhases = (
				DE398D542A7A01FD00C035F2 /* Sources */,
				DE398D552A7A01FD00C035F2 /* Frameworks */,
				DE398D562A7A01FD00C035F2 /* Resources */,
			);
			buildRules = (
			);
			dependencies = (
			);
			name = TodoList;
			productName = TodoList;
			productReference = DE398D582A7A01FD00C035F2 /* TodoList.app */;
			productType = "com.apple.product-type.application";
		};
/* End PBXNativeTarget section */

/* Begin PBXProject section */
		DE398D502A7A01FD00C035F2 /* Project object */ = {
			isa = PBXProject;
			attributes = {
				BuildIndependentTargetsInParallel = 1;
				LastSwiftUpdateCheck = 1430;
				LastUpgradeCheck = 1430;
				TargetAttributes = {
					DE398D572A7A01FD00C035F2 = {
						CreatedOnToolsVersion = 14.3.1;
					};
				};
			};
			buildConfigurationList = DE398D532A7A01FD00C035F2 /* Build configuration list for PBXProject "TodoList" */;
			compatibilityVersion = "Xcode 14.0";
			developmentRegion = en;
			hasScannedForEncodings = 0;
			knownRegions = (
				en,
				Base,
			);
			mainGroup = DE398D4F2A7A01FD00C035F2;
			productRefGroup = DE398D592A7A01FD00C035F2 /* Products */;
			projectDirPath = "";
			projectRoot = "";
			targets = (
				DE398D572A7A01FD00C035F2 /* TodoList */,
			);
		};
/* End PBXProject section */

/* Begin PBXResourcesBuildPhase section */
		DE398D562A7A01FD00C035F2 /* Resources */ = {
			isa = PBXResourcesBuildPhase;
			buildActionMask = 2147483647;
			files = (
				DE398D682A7A01FD00C035F2 /* LaunchScreen.storyboard in Resources */,
				DE398D652A7A01FD00C035F2 /* Assets.xcassets in Resources */,
				DE398D632A7A01FD00C035F2 /* Main.storyboard in Resources */,
			);
			runOnlyForDeploymentPostprocessing = 0;
		};
/* End PBXResourcesBuildPhase section */

/* Begin PBXSourcesBuildPhase section */
		DE398D542A7A01FD00C035F2 /* Sources */ = {
			isa = PBXSourcesBuildPhase;
			buildActionMask = 2147483647;
			files = (
				DE398D732A7A664C00C035F2 /* TodoListViewController.swift in Sources */,
				DE398D602A7A01FD00C035F2 /* ViewController.swift in Sources */,
				DE398D5C2A7A01FD00C035F2 /* AppDelegate.swift in Sources */,
				DE398D752A7A666900C035F2 /* TodoCompleteViewController.swift in Sources */,
				DE514AFA2A80D27B0088123F /* EntryViewController.swift in Sources */,
				DE398D5E2A7A01FD00C035F2 /* SceneDelegate.swift in Sources */,
				DE514AFC2A80D2A00088123F /* TaskController.swift in Sources */,
				DE398D772A7A6D7500C035F2 /* TodoData.swift in Sources */,
			);
			runOnlyForDeploymentPostprocessing = 0;
		};
/* End PBXSourcesBuildPhase section */

/* Begin PBXVariantGroup section */
		DE398D612A7A01FD00C035F2 /* Main.storyboard */ = {
			isa = PBXVariantGroup;
			children = (
				DE398D622A7A01FD00C035F2 /* Base */,
			);
			name = Main.storyboard;
			sourceTree = "<group>";
		};
		DE398D662A7A01FD00C035F2 /* LaunchScreen.storyboard */ = {
			isa = PBXVariantGroup;
			children = (
				DE398D672A7A01FD00C035F2 /* Base */,
			);
			name = LaunchScreen.storyboard;
			sourceTree = "<group>";
		};
/* End PBXVariantGroup section */

/* Begin XCBuildConfiguration section */
		DE398D6A2A7A01FD00C035F2 /* Debug */ = {
			isa = XCBuildConfiguration;
			buildSettings = {
				ALWAYS_SEARCH_USER_PATHS = NO;
				CLANG_ANALYZER_NONNULL = YES;
				CLANG_ANALYZER_NUMBER_OBJECT_CONVERSION = YES_AGGRESSIVE;
				CLANG_CXX_LANGUAGE_STANDARD = "gnu++20";
				CLANG_ENABLE_MODULES = YES;
				CLANG_ENABLE_OBJC_ARC = YES;
				CLANG_ENABLE_OBJC_WEAK = YES;
				CLANG_WARN_BLOCK_CAPTURE_AUTORELEASING = YES;
				CLANG_WARN_BOOL_CONVERSION = YES;
				CLANG_WARN_COMMA = YES;
				CLANG_WARN_CONSTANT_CONVERSION = YES;
				CLANG_WARN_DEPRECATED_OBJC_IMPLEMENTATIONS = YES;
				CLANG_WARN_DIRECT_OBJC_ISA_USAGE = YES_ERROR;
				CLANG_WARN_DOCUMENTATION_COMMENTS = YES;
				CLANG_WARN_EMPTY_BODY = YES;
				CLANG_WARN_ENUM_CONVERSION = YES;
				CLANG_WARN_INFINITE_RECURSION = YES;
				CLANG_WARN_INT_CONVERSION = YES;
				CLANG_WARN_NON_LITERAL_NULL_CONVERSION = YES;
				CLANG_WARN_OBJC_IMPLICIT_RETAIN_SELF = YES;
				CLANG_WARN_OBJC_LITERAL_CONVERSION = YES;
				CLANG_WARN_OBJC_ROOT_CLASS = YES_ERROR;
				CLANG_WARN_QUOTED_INCLUDE_IN_FRAMEWORK_HEADER = YES;
				CLANG_WARN_RANGE_LOOP_ANALYSIS = YES;
				CLANG_WARN_STRICT_PROTOTYPES = YES;
				CLANG_WARN_SUSPICIOUS_MOVE = YES;
				CLANG_WARN_UNGUARDED_AVAILABILITY = YES_AGGRESSIVE;
				CLANG_WARN_UNREACHABLE_CODE = YES;
				CLANG_WARN__DUPLICATE_METHOD_MATCH = YES;
				COPY_PHASE_STRIP = NO;
				DEBUG_INFORMATION_FORMAT = dwarf;
				ENABLE_STRICT_OBJC_MSGSEND = YES;
				ENABLE_TESTABILITY = YES;
				GCC_C_LANGUAGE_STANDARD = gnu11;
				GCC_DYNAMIC_NO_PIC = NO;
				GCC_NO_COMMON_BLOCKS = YES;
				GCC_OPTIMIZATION_LEVEL = 0;
				GCC_PREPROCESSOR_DEFINITIONS = (
					"DEBUG=1",
					"$(inherited)",
				);
				GCC_WARN_64_TO_32_BIT_CONVERSION = YES;
				GCC_WARN_ABOUT_RETURN_TYPE = YES_ERROR;
				GCC_WARN_UNDECLARED_SELECTOR = YES;
				GCC_WARN_UNINITIALIZED_AUTOS = YES_AGGRESSIVE;
				GCC_WARN_UNUSED_FUNCTION = YES;
				GCC_WARN_UNUSED_VARIABLE = YES;
				IPHONEOS_DEPLOYMENT_TARGET = 16.4;
				MTL_ENABLE_DEBUG_INFO = INCLUDE_SOURCE;
				MTL_FAST_MATH = YES;
				ONLY_ACTIVE_ARCH = YES;
				SDKROOT = iphoneos;
				SWIFT_ACTIVE_COMPILATION_CONDITIONS = DEBUG;
				SWIFT_OPTIMIZATION_LEVEL = "-Onone";
			};
			name = Debug;
		};
		DE398D6B2A7A01FD00C035F2 /* Release */ = {
			isa = XCBuildConfiguration;
			buildSettings = {
				ALWAYS_SEARCH_USER_PATHS = NO;
				CLANG_ANALYZER_NONNULL = YES;
				CLANG_ANALYZER_NUMBER_OBJECT_CONVERSION = YES_AGGRESSIVE;
				CLANG_CXX_LANGUAGE_STANDARD = "gnu++20";
				CLANG_ENABLE_MODULES = YES;
				CLANG_ENABLE_OBJC_ARC = YES;
				CLANG_ENABLE_OBJC_WEAK = YES;
				CLANG_WARN_BLOCK_CAPTURE_AUTORELEASING = YES;
				CLANG_WARN_BOOL_CONVERSION = YES;
				CLANG_WARN_COMMA = YES;
				CLANG_WARN_CONSTANT_CONVERSION = YES;
				CLANG_WARN_DEPRECATED_OBJC_IMPLEMENTATIONS = YES;
				CLANG_WARN_DIRECT_OBJC_ISA_USAGE = YES_ERROR;
				CLANG_WARN_DOCUMENTATION_COMMENTS = YES;
				CLANG_WARN_EMPTY_BODY = YES;
				CLANG_WARN_ENUM_CONVERSION = YES;
				CLANG_WARN_INFINITE_RECURSION = YES;
				CLANG_WARN_INT_CONVERSION = YES;
				CLANG_WARN_NON_LITERAL_NULL_CONVERSION = YES;
				CLANG_WARN_OBJC_IMPLICIT_RETAIN_SELF = YES;
				CLANG_WARN_OBJC_LITERAL_CONVERSION = YES;
				CLANG_WARN_OBJC_ROOT_CLASS = YES_ERROR;
				CLANG_WARN_QUOTED_INCLUDE_IN_FRAMEWORK_HEADER = YES;
				CLANG_WARN_RANGE_LOOP_ANALYSIS = YES;
				CLANG_WARN_STRICT_PROTOTYPES = YES;
				CLANG_WARN_SUSPICIOUS_MOVE = YES;
				CLANG_WARN_UNGUARDED_AVAILABILITY = YES_AGGRESSIVE;
				CLANG_WARN_UNREACHABLE_CODE = YES;
				CLANG_WARN__DUPLICATE_METHOD_MATCH = YES;
				COPY_PHASE_STRIP = NO;
				DEBUG_INFORMATION_FORMAT = "dwarf-with-dsym";
				ENABLE_NS_ASSERTIONS = NO;
				ENABLE_STRICT_OBJC_MSGSEND = YES;
				GCC_C_LANGUAGE_STANDARD = gnu11;
				GCC_NO_COMMON_BLOCKS = YES;
				GCC_WARN_64_TO_32_BIT_CONVERSION = YES;
				GCC_WARN_ABOUT_RETURN_TYPE = YES_ERROR;
				GCC_WARN_UNDECLARED_SELECTOR = YES;
				GCC_WARN_UNINITIALIZED_AUTOS = YES_AGGRESSIVE;
				GCC_WARN_UNUSED_FUNCTION = YES;
				GCC_WARN_UNUSED_VARIABLE = YES;
				IPHONEOS_DEPLOYMENT_TARGET = 16.4;
				MTL_ENABLE_DEBUG_INFO = NO;
				MTL_FAST_MATH = YES;
				SDKROOT = iphoneos;
				SWIFT_COMPILATION_MODE = wholemodule;
				SWIFT_OPTIMIZATION_LEVEL = "-O";
				VALIDATE_PRODUCT = YES;
			};
			name = Release;
		};
		DE398D6D2A7A01FD00C035F2 /* Debug */ = {
			isa = XCBuildConfiguration;
			buildSettings = {
				ASSETCATALOG_COMPILER_APPICON_NAME = AppIcon;
				ASSETCATALOG_COMPILER_GLOBAL_ACCENT_COLOR_NAME = AccentColor;
				CODE_SIGN_STYLE = Automatic;
				CURRENT_PROJECT_VERSION = 1;
				DEVELOPMENT_TEAM = RR4V44S8V9;
				GENERATE_INFOPLIST_FILE = YES;
				INFOPLIST_FILE = TodoList/Info.plist;
				INFOPLIST_KEY_UIApplicationSupportsIndirectInputEvents = YES;
				INFOPLIST_KEY_UILaunchStoryboardName = LaunchScreen;
				INFOPLIST_KEY_UIMainStoryboardFile = Main;
				INFOPLIST_KEY_UISupportedInterfaceOrientations_iPad = "UIInterfaceOrientationPortrait UIInterfaceOrientationPortraitUpsideDown UIInterfaceOrientationLandscapeLeft UIInterfaceOrientationLandscapeRight";
				INFOPLIST_KEY_UISupportedInterfaceOrientations_iPhone = "UIInterfaceOrientationPortrait UIInterfaceOrientationLandscapeLeft UIInterfaceOrientationLandscapeRight";
				LD_RUNPATH_SEARCH_PATHS = (
					"$(inherited)",
					"@executable_path/Frameworks",
				);
				MARKETING_VERSION = 1.0;
				PRODUCT_BUNDLE_IDENTIFIER = com.hidaehuynlee.TodoList;
				PRODUCT_NAME = "$(TARGET_NAME)";
				SWIFT_EMIT_LOC_STRINGS = YES;
				SWIFT_VERSION = 5.0;
				TARGETED_DEVICE_FAMILY = "1,2";
			};
			name = Debug;
		};
		DE398D6E2A7A01FD00C035F2 /* Release */ = {
			isa = XCBuildConfiguration;
			buildSettings = {
				ASSETCATALOG_COMPILER_APPICON_NAME = AppIcon;
				ASSETCATALOG_COMPILER_GLOBAL_ACCENT_COLOR_NAME = AccentColor;
				CODE_SIGN_STYLE = Automatic;
				CURRENT_PROJECT_VERSION = 1;
				DEVELOPMENT_TEAM = RR4V44S8V9;
				GENERATE_INFOPLIST_FILE = YES;
				INFOPLIST_FILE = TodoList/Info.plist;
				INFOPLIST_KEY_UIApplicationSupportsIndirectInputEvents = YES;
				INFOPLIST_KEY_UILaunchStoryboardName = LaunchScreen;
				INFOPLIST_KEY_UIMainStoryboardFile = Main;
				INFOPLIST_KEY_UISupportedInterfaceOrientations_iPad = "UIInterfaceOrientationPortrait UIInterfaceOrientationPortraitUpsideDown UIInterfaceOrientationLandscapeLeft UIInterfaceOrientationLandscapeRight";
				INFOPLIST_KEY_UISupportedInterfaceOrientations_iPhone = "UIInterfaceOrientationPortrait UIInterfaceOrientationLandscapeLeft UIInterfaceOrientationLandscapeRight";
				LD_RUNPATH_SEARCH_PATHS = (
					"$(inherited)",
					"@executable_path/Frameworks",
				);
				MARKETING_VERSION = 1.0;
				PRODUCT_BUNDLE_IDENTIFIER = com.hidaehuynlee.TodoList;
				PRODUCT_NAME = "$(TARGET_NAME)";
				SWIFT_EMIT_LOC_STRINGS = YES;
				SWIFT_VERSION = 5.0;
				TARGETED_DEVICE_FAMILY = "1,2";
			};
			name = Release;
		};
/* End XCBuildConfiguration section */

/* Begin XCConfigurationList section */
		DE398D532A7A01FD00C035F2 /* Build configuration list for PBXProject "TodoList" */ = {
			isa = XCConfigurationList;
			buildConfigurations = (
				DE398D6A2A7A01FD00C035F2 /* Debug */,
				DE398D6B2A7A01FD00C035F2 /* Release */,
			);
			defaultConfigurationIsVisible = 0;
			defaultConfigurationName = Release;
		};
		DE398D6C2A7A01FD00C035F2 /* Build configuration list for PBXNativeTarget "TodoList" */ = {
			isa = XCConfigurationList;
			buildConfigurations = (
				DE398D6D2A7A01FD00C035F2 /* Debug */,
				DE398D6E2A7A01FD00C035F2 /* Release */,
			);
			defaultConfigurationIsVisible = 0;
			defaultConfigurationName = Release;
		};
/* End XCConfigurationList section */
	};
	rootObject = DE398D502A7A01FD00C035F2 /* Project object */;
}
